
Microsoft Visual Studio Solution File, Format Version 12.00
# Visual Studio Version 16
VisualStudioVersion = 16.0.32106.194
MinimumVisualStudioVersion = 10.0.40219.1
Project("{8BC9CEB8-8B4A-11D0-8D11-00A0C91BC942}") = "겜플밍최적화기법3_16", "Project1\Project1.vcxproj", "{9AE6F3E2-63F5-4FAE-85FB-871B94E5E471}"
EndProject
Project("{8BC9CEB8-8B4A-11D0-8D11-00A0C91BC942}") = "타입추론", "타입추론\타입추론.vcxproj", "{BB7608C3-5974-49BE-830C-0D51BC8E368C}"
EndProject
Project("{8BC9CEB8-8B4A-11D0-8D11-00A0C91BC942}") = "생성대입소멸", "생성대입소멸\생성대입소멸.vcxproj", "{226B1322-99C5-4FA6-8EFC-71FC265A273E}"
EndProject
Project("{8BC9CEB8-8B4A-11D0-8D11-00A0C91BC942}") = "exception_try_catch", "exception_try_catch\exception_try_catch.vcxproj", "{99D10462-257E-445B-AF57-7E8B93675357}"
EndProject
Global
	GlobalSection(SolutionConfigurationPlatforms) = preSolution
		Debug|x64 = Debug|x64
		Debug|x86 = Debug|x86
		Release|x64 = Release|x64
		Release|x86 = Release|x86
	EndGlobalSection
	GlobalSection(ProjectConfigurationPlatforms) = postSolution
		{9AE6F3E2-63F5-4FAE-85FB-871B94E5E471}.Debug|x64.ActiveCfg = Debug|x64
		{9AE6F3E2-63F5-4FAE-85FB-871B94E5E471}.Debug|x64.Build.0 = Debug|x64
		{9AE6F3E2-63F5-4FAE-85FB-871B94E5E471}.Debug|x86.ActiveCfg = Debug|Win32
		{9AE6F3E2-63F5-4FAE-85FB-871B94E5E471}.Debug|x86.Build.0 = Debug|Win32
		{9AE6F3E2-63F5-4FAE-85FB-871B94E5E471}.Release|x64.ActiveCfg = Release|x64
		{9AE6F3E2-63F5-4FAE-85FB-871B94E5E471}.Release|x64.Build.0 = Release|x64
		{9AE6F3E2-63F5-4FAE-85FB-871B94E5E471}.Release|x86.ActiveCfg = Release|Win32
		{9AE6F3E2-63F5-4FAE-85FB-871B94E5E471}.Release|x86.Build.0 = Release|Win32
		{BB7608C3-5974-49BE-830C-0D51BC8E368C}.Debug|x64.ActiveCfg = Debug|x64
		{BB7608C3-5974-49BE-830C-0D51BC8E368C}.Debug|x64.Build.0 = Debug|x64
		{BB7608C3-5974-49BE-830C-0D51BC8E368C}.Debug|x86.ActiveCfg = Debug|Win32
		{BB7608C3-5974-49BE-830C-0D51BC8E368C}.Debug|x86.Build.0 = Debug|Win32
		{BB7608C3-5974-49BE-830C-0D51BC8E368C}.Release|x64.ActiveCfg = Release|x64
		{BB7608C3-5974-49BE-830C-0D51BC8E368C}.Release|x64.Build.0 = Release|x64
		{BB7608C3-5974-49BE-830C-0D51BC8E368C}.Release|x86.ActiveCfg = Release|Win32
		{BB7608C3-5974-49BE-830C-0D51BC8E368C}.Release|x86.Build.0 = Release|Win32
		{226B1322-99C5-4FA6-8EFC-71FC265A273E}.Debug|x64.ActiveCfg = Debug|x64
		{226B1322-99C5-4FA6-8EFC-71FC265A273E}.Debug|x64.Build.0 = Debug|x64
		{226B1322-99C5-4FA6-8EFC-71FC265A273E}.Debug|x86.ActiveCfg = Debug|Win32
		{226B1322-99C5-4FA6-8EFC-71FC265A273E}.Debug|x86.Build.0 = Debug|Win32
		{226B1322-99C5-4FA6-8EFC-71FC265A273E}.Release|x64.ActiveCfg = Release|x64
		{226B1322-99C5-4FA6-8EFC-71FC265A273E}.Release|x64.Build.0 = Release|x64
		{226B1322-99C5-4FA6-8EFC-71FC265A273E}.Release|x86.ActiveCfg = Release|Win32
		{226B1322-99C5-4FA6-8EFC-71FC265A273E}.Release|x86.Build.0 = Release|Win32
		{99D10462-257E-445B-AF57-7E8B93675357}.Debug|x64.ActiveCfg = Debug|x64
		{99D10462-257E-445B-AF57-7E8B93675357}.Debug|x64.Build.0 = Debug|x64
		{99D10462-257E-445B-AF57-7E8B93675357}.Debug|x86.ActiveCfg = Debug|Win32
		{99D10462-257E-445B-AF57-7E8B93675357}.Debug|x86.Build.0 = Debug|Win32
		{99D10462-257E-445B-AF57-7E8B93675357}.Release|x64.ActiveCfg = Release|x64
		{99D10462-257E-445B-AF57-7E8B93675357}.Release|x64.Build.0 = Release|x64
		{99D10462-257E-445B-AF57-7E8B93675357}.Release|x86.ActiveCfg = Release|Win32
		{99D10462-257E-445B-AF57-7E8B93675357}.Release|x86.Build.0 = Release|Win32
	EndGlobalSection
	GlobalSection(SolutionProperties) = preSolution
		HideSolutionNode = FALSE
	EndGlobalSection
	GlobalSection(ExtensibilityGlobals) = postSolution
		SolutionGuid = {F6DDE2C8-D529-43F3-AB40-9EF4A9755198}
	EndGlobalSection
EndGlobal
