
Microsoft Visual Studio Solution File, Format Version 12.00
# Visual Studio Version 16
VisualStudioVersion = 16.0.32106.194
MinimumVisualStudioVersion = 10.0.40219.1
Project("{8BC9CEB8-8B4A-11D0-8D11-00A0C91BC942}") = "GameTitleRental", "GameTitleRental\GameTitleRental.vcxproj", "{7DF11833-3F81-449D-A2CC-7033E7DFA79A}"
EndProject
Project("{8BC9CEB8-8B4A-11D0-8D11-00A0C91BC942}") = "GameTitleR_Test", "GameTitleR_Test\GameTitleR_Test.vcxproj", "{B5B8466C-555D-4D5A-9757-09C53875BC8C}"
EndProject
Global
	GlobalSection(SolutionConfigurationPlatforms) = preSolution
		Debug|x64 = Debug|x64
		Debug|x86 = Debug|x86
		Release|x64 = Release|x64
		Release|x86 = Release|x86
	EndGlobalSection
	GlobalSection(ProjectConfigurationPlatforms) = postSolution
		{7DF11833-3F81-449D-A2CC-7033E7DFA79A}.Debug|x64.ActiveCfg = Debug|x64
		{7DF11833-3F81-449D-A2CC-7033E7DFA79A}.Debug|x64.Build.0 = Debug|x64
		{7DF11833-3F81-449D-A2CC-7033E7DFA79A}.Debug|x86.ActiveCfg = Debug|Win32
		{7DF11833-3F81-449D-A2CC-7033E7DFA79A}.Debug|x86.Build.0 = Debug|Win32
		{7DF11833-3F81-449D-A2CC-7033E7DFA79A}.Release|x64.ActiveCfg = Release|x64
		{7DF11833-3F81-449D-A2CC-7033E7DFA79A}.Release|x64.Build.0 = Release|x64
		{7DF11833-3F81-449D-A2CC-7033E7DFA79A}.Release|x86.ActiveCfg = Release|Win32
		{7DF11833-3F81-449D-A2CC-7033E7DFA79A}.Release|x86.Build.0 = Release|Win32
		{B5B8466C-555D-4D5A-9757-09C53875BC8C}.Debug|x64.ActiveCfg = Debug|x64
		{B5B8466C-555D-4D5A-9757-09C53875BC8C}.Debug|x64.Build.0 = Debug|x64
		{B5B8466C-555D-4D5A-9757-09C53875BC8C}.Debug|x86.ActiveCfg = Debug|Win32
		{B5B8466C-555D-4D5A-9757-09C53875BC8C}.Debug|x86.Build.0 = Debug|Win32
		{B5B8466C-555D-4D5A-9757-09C53875BC8C}.Release|x64.ActiveCfg = Release|x64
		{B5B8466C-555D-4D5A-9757-09C53875BC8C}.Release|x64.Build.0 = Release|x64
		{B5B8466C-555D-4D5A-9757-09C53875BC8C}.Release|x86.ActiveCfg = Release|Win32
		{B5B8466C-555D-4D5A-9757-09C53875BC8C}.Release|x86.Build.0 = Release|Win32
	EndGlobalSection
	GlobalSection(SolutionProperties) = preSolution
		HideSolutionNode = FALSE
	EndGlobalSection
	GlobalSection(ExtensibilityGlobals) = postSolution
		SolutionGuid = {F6DDE2C8-D529-43F3-AB40-9EF4A9755198}
	EndGlobalSection
EndGlobal
