
Microsoft Visual Studio Solution File, Format Version 12.00
# Visual Studio Version 16
VisualStudioVersion = 16.0.32106.194
MinimumVisualStudioVersion = 10.0.40219.1
Project("{8BC9CEB8-8B4A-11D0-8D11-00A0C91BC942}") = "겜플밍최적화기법3_16", "Project1\Project1.vcxproj", "{9AE6F3E2-63F5-4FAE-85FB-871B94E5E471}"
EndProject
Project("{8BC9CEB8-8B4A-11D0-8D11-00A0C91BC942}") = "타입추론", "타입추론\타입추론.vcxproj", "{BB7608C3-5974-49BE-830C-0D51BC8E368C}"
EndProject
Project("{8BC9CEB8-8B4A-11D0-8D11-00A0C91BC942}") = "Inventory", "Inventory\Inventory.vcxproj", "{75FD6C9B-3855-45F4-A04A-F6AD9DC2AFF8}"
EndProject
Project("{8BC9CEB8-8B4A-11D0-8D11-00A0C91BC942}") = "Inventory_Uni", "Inventory_Uni\Inventory_Uni.vcxproj", "{3B2168CF-F540-4C46-8D59-A69FEC10EFA0}"
EndProject
Project("{8BC9CEB8-8B4A-11D0-8D11-00A0C91BC942}") = "unique_ptr", "unique_ptr\unique_ptr.vcxproj", "{59798773-C854-4B95-BABC-8DFCF61B5468}"
EndProject
Project("{8BC9CEB8-8B4A-11D0-8D11-00A0C91BC942}") = "UnitTest", "UnitTest\UnitTest.vcxproj", "{9FE12D0C-2495-4B56-BEEA-72861026914E}"
EndProject
Project("{8BC9CEB8-8B4A-11D0-8D11-00A0C91BC942}") = "InventoryUnit", "InventoryUnit\InventoryUnit.vcxproj", "{08817F9A-069B-4842-8291-A75107C9C5F3}"
EndProject
Global
	GlobalSection(SolutionConfigurationPlatforms) = preSolution
		Debug|x64 = Debug|x64
		Debug|x86 = Debug|x86
		Release|x64 = Release|x64
		Release|x86 = Release|x86
	EndGlobalSection
	GlobalSection(ProjectConfigurationPlatforms) = postSolution
		{9AE6F3E2-63F5-4FAE-85FB-871B94E5E471}.Debug|x64.ActiveCfg = Debug|x64
		{9AE6F3E2-63F5-4FAE-85FB-871B94E5E471}.Debug|x64.Build.0 = Debug|x64
		{9AE6F3E2-63F5-4FAE-85FB-871B94E5E471}.Debug|x86.ActiveCfg = Debug|Win32
		{9AE6F3E2-63F5-4FAE-85FB-871B94E5E471}.Debug|x86.Build.0 = Debug|Win32
		{9AE6F3E2-63F5-4FAE-85FB-871B94E5E471}.Release|x64.ActiveCfg = Release|x64
		{9AE6F3E2-63F5-4FAE-85FB-871B94E5E471}.Release|x64.Build.0 = Release|x64
		{9AE6F3E2-63F5-4FAE-85FB-871B94E5E471}.Release|x86.ActiveCfg = Release|Win32
		{9AE6F3E2-63F5-4FAE-85FB-871B94E5E471}.Release|x86.Build.0 = Release|Win32
		{BB7608C3-5974-49BE-830C-0D51BC8E368C}.Debug|x64.ActiveCfg = Debug|x64
		{BB7608C3-5974-49BE-830C-0D51BC8E368C}.Debug|x64.Build.0 = Debug|x64
		{BB7608C3-5974-49BE-830C-0D51BC8E368C}.Debug|x86.ActiveCfg = Debug|Win32
		{BB7608C3-5974-49BE-830C-0D51BC8E368C}.Debug|x86.Build.0 = Debug|Win32
		{BB7608C3-5974-49BE-830C-0D51BC8E368C}.Release|x64.ActiveCfg = Release|x64
		{BB7608C3-5974-49BE-830C-0D51BC8E368C}.Release|x64.Build.0 = Release|x64
		{BB7608C3-5974-49BE-830C-0D51BC8E368C}.Release|x86.ActiveCfg = Release|Win32
		{BB7608C3-5974-49BE-830C-0D51BC8E368C}.Release|x86.Build.0 = Release|Win32
		{75FD6C9B-3855-45F4-A04A-F6AD9DC2AFF8}.Debug|x64.ActiveCfg = Debug|x64
		{75FD6C9B-3855-45F4-A04A-F6AD9DC2AFF8}.Debug|x64.Build.0 = Debug|x64
		{75FD6C9B-3855-45F4-A04A-F6AD9DC2AFF8}.Debug|x86.ActiveCfg = Debug|Win32
		{75FD6C9B-3855-45F4-A04A-F6AD9DC2AFF8}.Debug|x86.Build.0 = Debug|Win32
		{75FD6C9B-3855-45F4-A04A-F6AD9DC2AFF8}.Release|x64.ActiveCfg = Release|x64
		{75FD6C9B-3855-45F4-A04A-F6AD9DC2AFF8}.Release|x64.Build.0 = Release|x64
		{75FD6C9B-3855-45F4-A04A-F6AD9DC2AFF8}.Release|x86.ActiveCfg = Release|Win32
		{75FD6C9B-3855-45F4-A04A-F6AD9DC2AFF8}.Release|x86.Build.0 = Release|Win32
		{3B2168CF-F540-4C46-8D59-A69FEC10EFA0}.Debug|x64.ActiveCfg = Debug|x64
		{3B2168CF-F540-4C46-8D59-A69FEC10EFA0}.Debug|x64.Build.0 = Debug|x64
		{3B2168CF-F540-4C46-8D59-A69FEC10EFA0}.Debug|x86.ActiveCfg = Debug|Win32
		{3B2168CF-F540-4C46-8D59-A69FEC10EFA0}.Debug|x86.Build.0 = Debug|Win32
		{3B2168CF-F540-4C46-8D59-A69FEC10EFA0}.Release|x64.ActiveCfg = Release|x64
		{3B2168CF-F540-4C46-8D59-A69FEC10EFA0}.Release|x64.Build.0 = Release|x64
		{3B2168CF-F540-4C46-8D59-A69FEC10EFA0}.Release|x86.ActiveCfg = Release|Win32
		{3B2168CF-F540-4C46-8D59-A69FEC10EFA0}.Release|x86.Build.0 = Release|Win32
		{59798773-C854-4B95-BABC-8DFCF61B5468}.Debug|x64.ActiveCfg = Debug|x64
		{59798773-C854-4B95-BABC-8DFCF61B5468}.Debug|x64.Build.0 = Debug|x64
		{59798773-C854-4B95-BABC-8DFCF61B5468}.Debug|x86.ActiveCfg = Debug|Win32
		{59798773-C854-4B95-BABC-8DFCF61B5468}.Debug|x86.Build.0 = Debug|Win32
		{59798773-C854-4B95-BABC-8DFCF61B5468}.Release|x64.ActiveCfg = Release|x64
		{59798773-C854-4B95-BABC-8DFCF61B5468}.Release|x64.Build.0 = Release|x64
		{59798773-C854-4B95-BABC-8DFCF61B5468}.Release|x86.ActiveCfg = Release|Win32
		{59798773-C854-4B95-BABC-8DFCF61B5468}.Release|x86.Build.0 = Release|Win32
		{9FE12D0C-2495-4B56-BEEA-72861026914E}.Debug|x64.ActiveCfg = Debug|x64
		{9FE12D0C-2495-4B56-BEEA-72861026914E}.Debug|x64.Build.0 = Debug|x64
		{9FE12D0C-2495-4B56-BEEA-72861026914E}.Debug|x86.ActiveCfg = Debug|Win32
		{9FE12D0C-2495-4B56-BEEA-72861026914E}.Debug|x86.Build.0 = Debug|Win32
		{9FE12D0C-2495-4B56-BEEA-72861026914E}.Release|x64.ActiveCfg = Release|x64
		{9FE12D0C-2495-4B56-BEEA-72861026914E}.Release|x64.Build.0 = Release|x64
		{9FE12D0C-2495-4B56-BEEA-72861026914E}.Release|x86.ActiveCfg = Release|Win32
		{9FE12D0C-2495-4B56-BEEA-72861026914E}.Release|x86.Build.0 = Release|Win32
		{08817F9A-069B-4842-8291-A75107C9C5F3}.Debug|x64.ActiveCfg = Debug|x64
		{08817F9A-069B-4842-8291-A75107C9C5F3}.Debug|x64.Build.0 = Debug|x64
		{08817F9A-069B-4842-8291-A75107C9C5F3}.Debug|x86.ActiveCfg = Debug|Win32
		{08817F9A-069B-4842-8291-A75107C9C5F3}.Debug|x86.Build.0 = Debug|Win32
		{08817F9A-069B-4842-8291-A75107C9C5F3}.Release|x64.ActiveCfg = Release|x64
		{08817F9A-069B-4842-8291-A75107C9C5F3}.Release|x64.Build.0 = Release|x64
		{08817F9A-069B-4842-8291-A75107C9C5F3}.Release|x86.ActiveCfg = Release|Win32
		{08817F9A-069B-4842-8291-A75107C9C5F3}.Release|x86.Build.0 = Release|Win32
	EndGlobalSection
	GlobalSection(SolutionProperties) = preSolution
		HideSolutionNode = FALSE
	EndGlobalSection
	GlobalSection(ExtensibilityGlobals) = postSolution
		SolutionGuid = {F6DDE2C8-D529-43F3-AB40-9EF4A9755198}
	EndGlobalSection
EndGlobal
