
Microsoft Visual Studio Solution File, Format Version 12.00
# Visual Studio Version 16
VisualStudioVersion = 16.0.32126.315
MinimumVisualStudioVersion = 10.0.40219.1
Project("{8BC9CEB8-8B4A-11D0-8D11-00A0C91BC942}") = "GoogeTest", "GoogeTest\GoogeTest.vcxproj", "{B284F6E3-9C41-4CA1-9BBC-077CC42BAA09}"
EndProject
Project("{8BC9CEB8-8B4A-11D0-8D11-00A0C91BC942}") = "InventoryEX", "InventoryEX\InventoryEX.vcxproj", "{DC3929E8-BE7A-4296-A956-52EE25DCA7C2}"
EndProject
Global
	GlobalSection(SolutionConfigurationPlatforms) = preSolution
		Debug|x64 = Debug|x64
		Debug|x86 = Debug|x86
		Release|x64 = Release|x64
		Release|x86 = Release|x86
	EndGlobalSection
	GlobalSection(ProjectConfigurationPlatforms) = postSolution
		{B284F6E3-9C41-4CA1-9BBC-077CC42BAA09}.Debug|x64.ActiveCfg = Debug|x64
		{B284F6E3-9C41-4CA1-9BBC-077CC42BAA09}.Debug|x64.Build.0 = Debug|x64
		{B284F6E3-9C41-4CA1-9BBC-077CC42BAA09}.Debug|x86.ActiveCfg = Debug|Win32
		{B284F6E3-9C41-4CA1-9BBC-077CC42BAA09}.Debug|x86.Build.0 = Debug|Win32
		{B284F6E3-9C41-4CA1-9BBC-077CC42BAA09}.Release|x64.ActiveCfg = Release|x64
		{B284F6E3-9C41-4CA1-9BBC-077CC42BAA09}.Release|x64.Build.0 = Release|x64
		{B284F6E3-9C41-4CA1-9BBC-077CC42BAA09}.Release|x86.ActiveCfg = Release|Win32
		{B284F6E3-9C41-4CA1-9BBC-077CC42BAA09}.Release|x86.Build.0 = Release|Win32
		{DC3929E8-BE7A-4296-A956-52EE25DCA7C2}.Debug|x64.ActiveCfg = Debug|x64
		{DC3929E8-BE7A-4296-A956-52EE25DCA7C2}.Debug|x64.Build.0 = Debug|x64
		{DC3929E8-BE7A-4296-A956-52EE25DCA7C2}.Debug|x86.ActiveCfg = Debug|Win32
		{DC3929E8-BE7A-4296-A956-52EE25DCA7C2}.Debug|x86.Build.0 = Debug|Win32
		{DC3929E8-BE7A-4296-A956-52EE25DCA7C2}.Release|x64.ActiveCfg = Release|x64
		{DC3929E8-BE7A-4296-A956-52EE25DCA7C2}.Release|x64.Build.0 = Release|x64
		{DC3929E8-BE7A-4296-A956-52EE25DCA7C2}.Release|x86.ActiveCfg = Release|Win32
		{DC3929E8-BE7A-4296-A956-52EE25DCA7C2}.Release|x86.Build.0 = Release|Win32
	EndGlobalSection
	GlobalSection(SolutionProperties) = preSolution
		HideSolutionNode = FALSE
	EndGlobalSection
	GlobalSection(ExtensibilityGlobals) = postSolution
		SolutionGuid = {FA0F8822-12F5-4FEF-9193-3EB4D7619E03}
	EndGlobalSection
EndGlobal
